
Microsoft Visual Studio Solution File, Format Version 12.00
# Visual Studio Version 16
VisualStudioVersion = 16.0.31205.134
MinimumVisualStudioVersion = 10.0.40219.1
Project("{FAE04EC0-301F-11D3-BF4B-00C04F79EFBC}") = "EmployeePayrollService", "EmployeePayrollService\EmployeePayrollService.csproj", "{2BDA0AEA-1CE3-4694-9CBF-8C7D46C1E6A9}"
EndProject
Project("{FAE04EC0-301F-11D3-BF4B-00C04F79EFBC}") = "EmployeePayrollServiceforSQLServer", "EmployeePayrollServiceforSQLServer\EmployeePayrollServiceforSQLServer.csproj", "{4CEC61D8-2552-49E2-A1EF-9B57AC4CEDC1}"
EndProject
Global
	GlobalSection(SolutionConfigurationPlatforms) = preSolution
		Debug|Any CPU = Debug|Any CPU
		Release|Any CPU = Release|Any CPU
	EndGlobalSection
	GlobalSection(ProjectConfigurationPlatforms) = postSolution
		{2BDA0AEA-1CE3-4694-9CBF-8C7D46C1E6A9}.Debug|Any CPU.ActiveCfg = Debug|Any CPU
		{2BDA0AEA-1CE3-4694-9CBF-8C7D46C1E6A9}.Debug|Any CPU.Build.0 = Debug|Any CPU
		{2BDA0AEA-1CE3-4694-9CBF-8C7D46C1E6A9}.Release|Any CPU.ActiveCfg = Release|Any CPU
		{2BDA0AEA-1CE3-4694-9CBF-8C7D46C1E6A9}.Release|Any CPU.Build.0 = Release|Any CPU
		{4CEC61D8-2552-49E2-A1EF-9B57AC4CEDC1}.Debug|Any CPU.ActiveCfg = Debug|Any CPU
		{4CEC61D8-2552-49E2-A1EF-9B57AC4CEDC1}.Debug|Any CPU.Build.0 = Debug|Any CPU
		{4CEC61D8-2552-49E2-A1EF-9B57AC4CEDC1}.Release|Any CPU.ActiveCfg = Release|Any CPU
		{4CEC61D8-2552-49E2-A1EF-9B57AC4CEDC1}.Release|Any CPU.Build.0 = Release|Any CPU
	EndGlobalSection
	GlobalSection(SolutionProperties) = preSolution
		HideSolutionNode = FALSE
	EndGlobalSection
	GlobalSection(ExtensibilityGlobals) = postSolution
		SolutionGuid = {74AC5C01-D6E9-4BB3-9DF9-FA50BA39F3E4}
	EndGlobalSection
EndGlobal
